// !$*UTF8*$!
{
	archiveVersion = 1;
	classes = {
	};
	objectVersion = 56;
	objects = {

/* Begin PBXBuildFile section */
		4E39F3DF2A71C57300504789 /* Query.swift in Sources */ = {isa = PBXBuildFile; fileRef = 4E39F3DE2A71C57300504789 /* Query.swift */; };
		4E39F3E12A71C78B00504789 /* Protocol.swift in Sources */ = {isa = PBXBuildFile; fileRef = 4E39F3E02A71C78B00504789 /* Protocol.swift */; };
		4E39F3E32A71CB0800504789 /* DataController.swift in Sources */ = {isa = PBXBuildFile; fileRef = 4E39F3E22A71CB0800504789 /* DataController.swift */; };
		4E39F3E52A71CB3200504789 /* CoreDataError.swift in Sources */ = {isa = PBXBuildFile; fileRef = 4E39F3E42A71CB3200504789 /* CoreDataError.swift */; };
		4E39F3E72A71E34400504789 /* CloudKit.swift in Sources */ = {isa = PBXBuildFile; fileRef = 4E39F3E62A71E34400504789 /* CloudKit.swift */; };
		4E44FC092A1722D100C2B94A /* BatcheGenerator.swift in Sources */ = {isa = PBXBuildFile; fileRef = 4E44FC082A1722D100C2B94A /* BatcheGenerator.swift */; };
		4E44FC0B2A17239900C2B94A /* ViewModel.swift in Sources */ = {isa = PBXBuildFile; fileRef = 4E44FC0A2A17239900C2B94A /* ViewModel.swift */; };
		4E44FC0D2A1723B000C2B94A /* Types.swift in Sources */ = {isa = PBXBuildFile; fileRef = 4E44FC0C2A1723B000C2B94A /* Types.swift */; };
		4E44FC0F2A17256500C2B94A /* Task.swift in Sources */ = {isa = PBXBuildFile; fileRef = 4E44FC0E2A17256500C2B94A /* Task.swift */; };
		4E6411372A14123B001323A4 /* IOHandle.swift in Sources */ = {isa = PBXBuildFile; fileRef = 4E6411362A14123B001323A4 /* IOHandle.swift */; };
		4E76AFA72A6D664E00A3D916 /* GeneticDatabase.xcdatamodeld in Sources */ = {isa = PBXBuildFile; fileRef = 4E76AFA52A6D664E00A3D916 /* GeneticDatabase.xcdatamodeld */; };
		4ECE72E02A080F43008A6A33 /* GeneticAlgorithmApp.swift in Sources */ = {isa = PBXBuildFile; fileRef = 4ECE72DF2A080F43008A6A33 /* GeneticAlgorithmApp.swift */; };
		4ECE72E22A080F43008A6A33 /* ContentView.swift in Sources */ = {isa = PBXBuildFile; fileRef = 4ECE72E12A080F43008A6A33 /* ContentView.swift */; };
		4ECE72E42A080F44008A6A33 /* Assets.xcassets in Resources */ = {isa = PBXBuildFile; fileRef = 4ECE72E32A080F44008A6A33 /* Assets.xcassets */; };
		4ECE72E72A080F44008A6A33 /* Preview Assets.xcassets in Resources */ = {isa = PBXBuildFile; fileRef = 4ECE72E62A080F44008A6A33 /* Preview Assets.xcassets */; };
		4ECE72EE2A080F61008A6A33 /* Model.swift in Sources */ = {isa = PBXBuildFile; fileRef = 4ECE72ED2A080F61008A6A33 /* Model.swift */; };
		4ECE72F22A080F77008A6A33 /* Error.swift in Sources */ = {isa = PBXBuildFile; fileRef = 4ECE72F12A080F77008A6A33 /* Error.swift */; };
		4ECE72F42A080F83008A6A33 /* CustomFunction.swift in Sources */ = {isa = PBXBuildFile; fileRef = 4ECE72F32A080F83008A6A33 /* CustomFunction.swift */; };
		4ECE72F62A080FB2008A6A33 /* GeneticAlgorithm.swift in Sources */ = {isa = PBXBuildFile; fileRef = 4ECE72F52A080FB2008A6A33 /* GeneticAlgorithm.swift */; };
/* End PBXBuildFile section */

/* Begin PBXFileReference section */
		4E39F3DE2A71C57300504789 /* Query.swift */ = {isa = PBXFileReference; lastKnownFileType = sourcecode.swift; path = Query.swift; sourceTree = "<group>"; };
		4E39F3E02A71C78B00504789 /* Protocol.swift */ = {isa = PBXFileReference; lastKnownFileType = sourcecode.swift; path = Protocol.swift; sourceTree = "<group>"; };
		4E39F3E22A71CB0800504789 /* DataController.swift */ = {isa = PBXFileReference; lastKnownFileType = sourcecode.swift; path = DataController.swift; sourceTree = "<group>"; };
		4E39F3E42A71CB3200504789 /* CoreDataError.swift */ = {isa = PBXFileReference; lastKnownFileType = sourcecode.swift; path = CoreDataError.swift; sourceTree = "<group>"; };
		4E39F3E62A71E34400504789 /* CloudKit.swift */ = {isa = PBXFileReference; lastKnownFileType = sourcecode.swift; path = CloudKit.swift; sourceTree = "<group>"; };
		4E44FC082A1722D100C2B94A /* BatcheGenerator.swift */ = {isa = PBXFileReference; lastKnownFileType = sourcecode.swift; path = BatcheGenerator.swift; sourceTree = "<group>"; };
		4E44FC0A2A17239900C2B94A /* ViewModel.swift */ = {isa = PBXFileReference; lastKnownFileType = sourcecode.swift; path = ViewModel.swift; sourceTree = "<group>"; };
		4E44FC0C2A1723B000C2B94A /* Types.swift */ = {isa = PBXFileReference; lastKnownFileType = sourcecode.swift; path = Types.swift; sourceTree = "<group>"; };
		4E44FC0E2A17256500C2B94A /* Task.swift */ = {isa = PBXFileReference; lastKnownFileType = sourcecode.swift; path = Task.swift; sourceTree = "<group>"; };
		4E6411362A14123B001323A4 /* IOHandle.swift */ = {isa = PBXFileReference; lastKnownFileType = sourcecode.swift; path = IOHandle.swift; sourceTree = "<group>"; };
		4E76AFA62A6D664E00A3D916 /* GeneticDatabase.xcdatamodel */ = {isa = PBXFileReference; lastKnownFileType = wrapper.xcdatamodel; path = GeneticDatabase.xcdatamodel; sourceTree = "<group>"; };
		4ECE72DC2A080F43008A6A33 /* GeneticAlgorithm.app */ = {isa = PBXFileReference; explicitFileType = wrapper.application; includeInIndex = 0; path = GeneticAlgorithm.app; sourceTree = BUILT_PRODUCTS_DIR; };
		4ECE72DF2A080F43008A6A33 /* GeneticAlgorithmApp.swift */ = {isa = PBXFileReference; lastKnownFileType = sourcecode.swift; path = GeneticAlgorithmApp.swift; sourceTree = "<group>"; };
		4ECE72E12A080F43008A6A33 /* ContentView.swift */ = {isa = PBXFileReference; lastKnownFileType = sourcecode.swift; path = ContentView.swift; sourceTree = "<group>"; };
		4ECE72E32A080F44008A6A33 /* Assets.xcassets */ = {isa = PBXFileReference; lastKnownFileType = folder.assetcatalog; path = Assets.xcassets; sourceTree = "<group>"; };
		4ECE72E62A080F44008A6A33 /* Preview Assets.xcassets */ = {isa = PBXFileReference; lastKnownFileType = folder.assetcatalog; path = "Preview Assets.xcassets"; sourceTree = "<group>"; };
		4ECE72ED2A080F61008A6A33 /* Model.swift */ = {isa = PBXFileReference; lastKnownFileType = sourcecode.swift; path = Model.swift; sourceTree = "<group>"; };
		4ECE72F12A080F77008A6A33 /* Error.swift */ = {isa = PBXFileReference; lastKnownFileType = sourcecode.swift; path = Error.swift; sourceTree = "<group>"; };
		4ECE72F32A080F83008A6A33 /* CustomFunction.swift */ = {isa = PBXFileReference; lastKnownFileType = sourcecode.swift; path = CustomFunction.swift; sourceTree = "<group>"; };
		4ECE72F52A080FB2008A6A33 /* GeneticAlgorithm.swift */ = {isa = PBXFileReference; lastKnownFileType = sourcecode.swift; path = GeneticAlgorithm.swift; sourceTree = "<group>"; };
/* End PBXFileReference section */

/* Begin PBXFrameworksBuildPhase section */
		4ECE72D92A080F43008A6A33 /* Frameworks */ = {
			isa = PBXFrameworksBuildPhase;
			buildActionMask = 2147483647;
			files = (
			);
			runOnlyForDeploymentPostprocessing = 0;
		};
/* End PBXFrameworksBuildPhase section */

/* Begin PBXGroup section */
		4E39F3DD2A71C56200504789 /* CoreData */ = {
			isa = PBXGroup;
			children = (
				4E39F3DE2A71C57300504789 /* Query.swift */,
				4E39F3E62A71E34400504789 /* CloudKit.swift */,
				4E39F3E02A71C78B00504789 /* Protocol.swift */,
				4E39F3E22A71CB0800504789 /* DataController.swift */,
				4E39F3E42A71CB3200504789 /* CoreDataError.swift */,
			);
			path = CoreData;
			sourceTree = "<group>";
		};
		4ECE72D32A080F43008A6A33 = {
			isa = PBXGroup;
			children = (
				4ECE72DE2A080F43008A6A33 /* GeneticAlgorithm */,
				4ECE72DD2A080F43008A6A33 /* Products */,
			);
			sourceTree = "<group>";
		};
		4ECE72DD2A080F43008A6A33 /* Products */ = {
			isa = PBXGroup;
			children = (
				4ECE72DC2A080F43008A6A33 /* GeneticAlgorithm.app */,
			);
			name = Products;
			sourceTree = "<group>";
		};
		4ECE72DE2A080F43008A6A33 /* GeneticAlgorithm */ = {
			isa = PBXGroup;
			children = (
				4E39F3DD2A71C56200504789 /* CoreData */,
				4E76AFA52A6D664E00A3D916 /* GeneticDatabase.xcdatamodeld */,
				4ECE72ED2A080F61008A6A33 /* Model.swift */,
				4E6411362A14123B001323A4 /* IOHandle.swift */,
				4ECE72F52A080FB2008A6A33 /* GeneticAlgorithm.swift */,
				4ECE72DF2A080F43008A6A33 /* GeneticAlgorithmApp.swift */,
				4ECE72E12A080F43008A6A33 /* ContentView.swift */,
				4ECE72F12A080F77008A6A33 /* Error.swift */,
				4ECE72F32A080F83008A6A33 /* CustomFunction.swift */,
				4E44FC0E2A17256500C2B94A /* Task.swift */,
				4E44FC082A1722D100C2B94A /* BatcheGenerator.swift */,
				4E44FC0A2A17239900C2B94A /* ViewModel.swift */,
				4E44FC0C2A1723B000C2B94A /* Types.swift */,
				4ECE72E32A080F44008A6A33 /* Assets.xcassets */,
				4ECE72E52A080F44008A6A33 /* Preview Content */,
			);
			path = GeneticAlgorithm;
			sourceTree = "<group>";
		};
		4ECE72E52A080F44008A6A33 /* Preview Content */ = {
			isa = PBXGroup;
			children = (
				4ECE72E62A080F44008A6A33 /* Preview Assets.xcassets */,
			);
			path = "Preview Content";
			sourceTree = "<group>";
		};
/* End PBXGroup section */

/* Begin PBXNativeTarget section */
		4ECE72DB2A080F43008A6A33 /* GeneticAlgorithm */ = {
			isa = PBXNativeTarget;
			buildConfigurationList = 4ECE72EA2A080F44008A6A33 /* Build configuration list for PBXNativeTarget "GeneticAlgorithm" */;
			buildPhases = (
				4ECE72D82A080F43008A6A33 /* Sources */,
				4ECE72D92A080F43008A6A33 /* Frameworks */,
				4ECE72DA2A080F43008A6A33 /* Resources */,
			);
			buildRules = (
			);
			dependencies = (
			);
			name = GeneticAlgorithm;
			productName = GeneticAlgorithm;
			productReference = 4ECE72DC2A080F43008A6A33 /* GeneticAlgorithm.app */;
			productType = "com.apple.product-type.application";
		};
/* End PBXNativeTarget section */

/* Begin PBXProject section */
		4ECE72D42A080F43008A6A33 /* Project object */ = {
			isa = PBXProject;
			attributes = {
				BuildIndependentTargetsInParallel = 1;
				LastSwiftUpdateCheck = 1430;
				LastUpgradeCheck = 1430;
				TargetAttributes = {
					4ECE72DB2A080F43008A6A33 = {
						CreatedOnToolsVersion = 14.3;
					};
				};
			};
			buildConfigurationList = 4ECE72D72A080F43008A6A33 /* Build configuration list for PBXProject "GeneticAlgorithm" */;
			compatibilityVersion = "Xcode 14.0";
			developmentRegion = en;
			hasScannedForEncodings = 0;
			knownRegions = (
				en,
				Base,
			);
			mainGroup = 4ECE72D32A080F43008A6A33;
			productRefGroup = 4ECE72DD2A080F43008A6A33 /* Products */;
			projectDirPath = "";
			projectRoot = "";
			targets = (
				4ECE72DB2A080F43008A6A33 /* GeneticAlgorithm */,
			);
		};
/* End PBXProject section */

/* Begin PBXResourcesBuildPhase section */
		4ECE72DA2A080F43008A6A33 /* Resources */ = {
			isa = PBXResourcesBuildPhase;
			buildActionMask = 2147483647;
			files = (
				4ECE72E72A080F44008A6A33 /* Preview Assets.xcassets in Resources */,
				4ECE72E42A080F44008A6A33 /* Assets.xcassets in Resources */,
			);
			runOnlyForDeploymentPostprocessing = 0;
		};
/* End PBXResourcesBuildPhase section */

/* Begin PBXSourcesBuildPhase section */
		4ECE72D82A080F43008A6A33 /* Sources */ = {
			isa = PBXSourcesBuildPhase;
			buildActionMask = 2147483647;
			files = (
				4E6411372A14123B001323A4 /* IOHandle.swift in Sources */,
				4E44FC0B2A17239900C2B94A /* ViewModel.swift in Sources */,
				4E39F3E72A71E34400504789 /* CloudKit.swift in Sources */,
				4ECE72EE2A080F61008A6A33 /* Model.swift in Sources */,
				4E44FC0D2A1723B000C2B94A /* Types.swift in Sources */,
				4E76AFA72A6D664E00A3D916 /* GeneticDatabase.xcdatamodeld in Sources */,
				4E44FC0F2A17256500C2B94A /* Task.swift in Sources */,
				4ECE72E22A080F43008A6A33 /* ContentView.swift in Sources */,
				4E39F3DF2A71C57300504789 /* Query.swift in Sources */,
				4ECE72E02A080F43008A6A33 /* GeneticAlgorithmApp.swift in Sources */,
				4E39F3E12A71C78B00504789 /* Protocol.swift in Sources */,
				4E39F3E32A71CB0800504789 /* DataController.swift in Sources */,
				4E39F3E52A71CB3200504789 /* CoreDataError.swift in Sources */,
				4ECE72F22A080F77008A6A33 /* Error.swift in Sources */,
				4E44FC092A1722D100C2B94A /* BatcheGenerator.swift in Sources */,
				4ECE72F42A080F83008A6A33 /* CustomFunction.swift in Sources */,
				4ECE72F62A080FB2008A6A33 /* GeneticAlgorithm.swift in Sources */,
			);
			runOnlyForDeploymentPostprocessing = 0;
		};
/* End PBXSourcesBuildPhase section */

/* Begin XCBuildConfiguration section */
		4ECE72E82A080F44008A6A33 /* Debug */ = {
			isa = XCBuildConfiguration;
			buildSettings = {
				ALWAYS_SEARCH_USER_PATHS = NO;
				CLANG_ANALYZER_NONNULL = YES;
				CLANG_ANALYZER_NUMBER_OBJECT_CONVERSION = YES_AGGRESSIVE;
				CLANG_CXX_LANGUAGE_STANDARD = "gnu++20";
				CLANG_ENABLE_MODULES = YES;
				CLANG_ENABLE_OBJC_ARC = YES;
				CLANG_ENABLE_OBJC_WEAK = YES;
				CLANG_WARN_BLOCK_CAPTURE_AUTORELEASING = YES;
				CLANG_WARN_BOOL_CONVERSION = YES;
				CLANG_WARN_COMMA = YES;
				CLANG_WARN_CONSTANT_CONVERSION = YES;
				CLANG_WARN_DEPRECATED_OBJC_IMPLEMENTATIONS = YES;
				CLANG_WARN_DIRECT_OBJC_ISA_USAGE = YES_ERROR;
				CLANG_WARN_DOCUMENTATION_COMMENTS = YES;
				CLANG_WARN_EMPTY_BODY = YES;
				CLANG_WARN_ENUM_CONVERSION = YES;
				CLANG_WARN_INFINITE_RECURSION = YES;
				CLANG_WARN_INT_CONVERSION = YES;
				CLANG_WARN_NON_LITERAL_NULL_CONVERSION = YES;
				CLANG_WARN_OBJC_IMPLICIT_RETAIN_SELF = YES;
				CLANG_WARN_OBJC_LITERAL_CONVERSION = YES;
				CLANG_WARN_OBJC_ROOT_CLASS = YES_ERROR;
				CLANG_WARN_QUOTED_INCLUDE_IN_FRAMEWORK_HEADER = YES;
				CLANG_WARN_RANGE_LOOP_ANALYSIS = YES;
				CLANG_WARN_STRICT_PROTOTYPES = YES;
				CLANG_WARN_SUSPICIOUS_MOVE = YES;
				CLANG_WARN_UNGUARDED_AVAILABILITY = YES_AGGRESSIVE;
				CLANG_WARN_UNREACHABLE_CODE = YES;
				CLANG_WARN__DUPLICATE_METHOD_MATCH = YES;
				COPY_PHASE_STRIP = NO;
				DEBUG_INFORMATION_FORMAT = dwarf;
				ENABLE_STRICT_OBJC_MSGSEND = YES;
				ENABLE_TESTABILITY = YES;
				GCC_C_LANGUAGE_STANDARD = gnu11;
				GCC_DYNAMIC_NO_PIC = NO;
				GCC_NO_COMMON_BLOCKS = YES;
				GCC_OPTIMIZATION_LEVEL = 0;
				GCC_PREPROCESSOR_DEFINITIONS = (
					"DEBUG=1",
					"$(inherited)",
				);
				GCC_WARN_64_TO_32_BIT_CONVERSION = YES;
				GCC_WARN_ABOUT_RETURN_TYPE = YES_ERROR;
				GCC_WARN_UNDECLARED_SELECTOR = YES;
				GCC_WARN_UNINITIALIZED_AUTOS = YES_AGGRESSIVE;
				GCC_WARN_UNUSED_FUNCTION = YES;
				GCC_WARN_UNUSED_VARIABLE = YES;
				IPHONEOS_DEPLOYMENT_TARGET = 16.1;
				MTL_ENABLE_DEBUG_INFO = INCLUDE_SOURCE;
				MTL_FAST_MATH = YES;
				ONLY_ACTIVE_ARCH = YES;
				SDKROOT = iphoneos;
				SWIFT_ACTIVE_COMPILATION_CONDITIONS = DEBUG;
				SWIFT_OPTIMIZATION_LEVEL = "-Onone";
			};
			name = Debug;
		};
		4ECE72E92A080F44008A6A33 /* Release */ = {
			isa = XCBuildConfiguration;
			buildSettings = {
				ALWAYS_SEARCH_USER_PATHS = NO;
				CLANG_ANALYZER_NONNULL = YES;
				CLANG_ANALYZER_NUMBER_OBJECT_CONVERSION = YES_AGGRESSIVE;
				CLANG_CXX_LANGUAGE_STANDARD = "gnu++20";
				CLANG_ENABLE_MODULES = YES;
				CLANG_ENABLE_OBJC_ARC = YES;
				CLANG_ENABLE_OBJC_WEAK = YES;
				CLANG_WARN_BLOCK_CAPTURE_AUTORELEASING = YES;
				CLANG_WARN_BOOL_CONVERSION = YES;
				CLANG_WARN_COMMA = YES;
				CLANG_WARN_CONSTANT_CONVERSION = YES;
				CLANG_WARN_DEPRECATED_OBJC_IMPLEMENTATIONS = YES;
				CLANG_WARN_DIRECT_OBJC_ISA_USAGE = YES_ERROR;
				CLANG_WARN_DOCUMENTATION_COMMENTS = YES;
				CLANG_WARN_EMPTY_BODY = YES;
				CLANG_WARN_ENUM_CONVERSION = YES;
				CLANG_WARN_INFINITE_RECURSION = YES;
				CLANG_WARN_INT_CONVERSION = YES;
				CLANG_WARN_NON_LITERAL_NULL_CONVERSION = YES;
				CLANG_WARN_OBJC_IMPLICIT_RETAIN_SELF = YES;
				CLANG_WARN_OBJC_LITERAL_CONVERSION = YES;
				CLANG_WARN_OBJC_ROOT_CLASS = YES_ERROR;
				CLANG_WARN_QUOTED_INCLUDE_IN_FRAMEWORK_HEADER = YES;
				CLANG_WARN_RANGE_LOOP_ANALYSIS = YES;
				CLANG_WARN_STRICT_PROTOTYPES = YES;
				CLANG_WARN_SUSPICIOUS_MOVE = YES;
				CLANG_WARN_UNGUARDED_AVAILABILITY = YES_AGGRESSIVE;
				CLANG_WARN_UNREACHABLE_CODE = YES;
				CLANG_WARN__DUPLICATE_METHOD_MATCH = YES;
				COPY_PHASE_STRIP = NO;
				DEBUG_INFORMATION_FORMAT = "dwarf-with-dsym";
				ENABLE_NS_ASSERTIONS = NO;
				ENABLE_STRICT_OBJC_MSGSEND = YES;
				GCC_C_LANGUAGE_STANDARD = gnu11;
				GCC_NO_COMMON_BLOCKS = YES;
				GCC_WARN_64_TO_32_BIT_CONVERSION = YES;
				GCC_WARN_ABOUT_RETURN_TYPE = YES_ERROR;
				GCC_WARN_UNDECLARED_SELECTOR = YES;
				GCC_WARN_UNINITIALIZED_AUTOS = YES_AGGRESSIVE;
				GCC_WARN_UNUSED_FUNCTION = YES;
				GCC_WARN_UNUSED_VARIABLE = YES;
				IPHONEOS_DEPLOYMENT_TARGET = 16.1;
				MTL_ENABLE_DEBUG_INFO = NO;
				MTL_FAST_MATH = YES;
				SDKROOT = iphoneos;
				SWIFT_COMPILATION_MODE = wholemodule;
				SWIFT_OPTIMIZATION_LEVEL = "-O";
				VALIDATE_PRODUCT = YES;
			};
			name = Release;
		};
		4ECE72EB2A080F44008A6A33 /* Debug */ = {
			isa = XCBuildConfiguration;
			buildSettings = {
				ASSETCATALOG_COMPILER_APPICON_NAME = AppIcon;
				ASSETCATALOG_COMPILER_GLOBAL_ACCENT_COLOR_NAME = AccentColor;
				CODE_SIGN_STYLE = Automatic;
				CURRENT_PROJECT_VERSION = 1;
				DEVELOPMENT_ASSET_PATHS = "\"GeneticAlgorithm/Preview Content\"";
				DEVELOPMENT_TEAM = V7GM8G5V55;
				ENABLE_PREVIEWS = YES;
				GENERATE_INFOPLIST_FILE = YES;
				INFOPLIST_KEY_CFBundleDisplayName = SolveGene;
				INFOPLIST_KEY_UIApplicationSceneManifest_Generation = YES;
				INFOPLIST_KEY_UIApplicationSupportsIndirectInputEvents = YES;
				INFOPLIST_KEY_UILaunchScreen_Generation = YES;
				INFOPLIST_KEY_UISupportedInterfaceOrientations_iPad = "UIInterfaceOrientationPortrait UIInterfaceOrientationPortraitUpsideDown UIInterfaceOrientationLandscapeLeft UIInterfaceOrientationLandscapeRight";
				INFOPLIST_KEY_UISupportedInterfaceOrientations_iPhone = "UIInterfaceOrientationPortrait UIInterfaceOrientationLandscapeLeft UIInterfaceOrientationLandscapeRight";
				LD_RUNPATH_SEARCH_PATHS = (
					"$(inherited)",
					"@executable_path/Frameworks",
				);
				MARKETING_VERSION = 1.0;
				PRODUCT_BUNDLE_IDENTIFIER = br.com.joaoipiraja.GeneticAlgorithm;
				PRODUCT_NAME = "$(TARGET_NAME)";
				SWIFT_EMIT_LOC_STRINGS = YES;
				SWIFT_VERSION = 5.0;
				TARGETED_DEVICE_FAMILY = "1,2";
			};
			name = Debug;
		};
		4ECE72EC2A080F44008A6A33 /* Release */ = {
			isa = XCBuildConfiguration;
			buildSettings = {
				ASSETCATALOG_COMPILER_APPICON_NAME = AppIcon;
				ASSETCATALOG_COMPILER_GLOBAL_ACCENT_COLOR_NAME = AccentColor;
				CODE_SIGN_STYLE = Automatic;
				CURRENT_PROJECT_VERSION = 1;
				DEVELOPMENT_ASSET_PATHS = "\"GeneticAlgorithm/Preview Content\"";
				DEVELOPMENT_TEAM = V7GM8G5V55;
				ENABLE_PREVIEWS = YES;
				GENERATE_INFOPLIST_FILE = YES;
				INFOPLIST_KEY_CFBundleDisplayName = SolveGene;
				INFOPLIST_KEY_UIApplicationSceneManifest_Generation = YES;
				INFOPLIST_KEY_UIApplicationSupportsIndirectInputEvents = YES;
				INFOPLIST_KEY_UILaunchScreen_Generation = YES;
				INFOPLIST_KEY_UISupportedInterfaceOrientations_iPad = "UIInterfaceOrientationPortrait UIInterfaceOrientationPortraitUpsideDown UIInterfaceOrientationLandscapeLeft UIInterfaceOrientationLandscapeRight";
				INFOPLIST_KEY_UISupportedInterfaceOrientations_iPhone = "UIInterfaceOrientationPortrait UIInterfaceOrientationLandscapeLeft UIInterfaceOrientationLandscapeRight";
				LD_RUNPATH_SEARCH_PATHS = (
					"$(inherited)",
					"@executable_path/Frameworks",
				);
				MARKETING_VERSION = 1.0;
				PRODUCT_BUNDLE_IDENTIFIER = br.com.joaoipiraja.GeneticAlgorithm;
				PRODUCT_NAME = "$(TARGET_NAME)";
				SWIFT_EMIT_LOC_STRINGS = YES;
				SWIFT_VERSION = 5.0;
				TARGETED_DEVICE_FAMILY = "1,2";
			};
			name = Release;
		};
/* End XCBuildConfiguration section */

/* Begin XCConfigurationList section */
		4ECE72D72A080F43008A6A33 /* Build configuration list for PBXProject "GeneticAlgorithm" */ = {
			isa = XCConfigurationList;
			buildConfigurations = (
				4ECE72E82A080F44008A6A33 /* Debug */,
				4ECE72E92A080F44008A6A33 /* Release */,
			);
			defaultConfigurationIsVisible = 0;
			defaultConfigurationName = Release;
		};
		4ECE72EA2A080F44008A6A33 /* Build configuration list for PBXNativeTarget "GeneticAlgorithm" */ = {
			isa = XCConfigurationList;
			buildConfigurations = (
				4ECE72EB2A080F44008A6A33 /* Debug */,
				4ECE72EC2A080F44008A6A33 /* Release */,
			);
			defaultConfigurationIsVisible = 0;
			defaultConfigurationName = Release;
		};
/* End XCConfigurationList section */

/* Begin XCVersionGroup section */
		4E76AFA52A6D664E00A3D916 /* GeneticDatabase.xcdatamodeld */ = {
			isa = XCVersionGroup;
			children = (
				4E76AFA62A6D664E00A3D916 /* GeneticDatabase.xcdatamodel */,
			);
			currentVersion = 4E76AFA62A6D664E00A3D916 /* GeneticDatabase.xcdatamodel */;
			path = GeneticDatabase.xcdatamodeld;
			sourceTree = "<group>";
			versionGroupType = wrapper.xcdatamodel;
		};
/* End XCVersionGroup section */
	};
	rootObject = 4ECE72D42A080F43008A6A33 /* Project object */;
}
